
Microsoft Visual Studio Solution File, Format Version 12.00
# Visual Studio Version 17
VisualStudioVersion = 17.5.002.0
MinimumVisualStudioVersion = 10.0.40219.1
Project("{9A19103F-16F7-4668-BE54-9A1E7A4F7556}") = "MarcosAraujo", "MarcosAraujo.csproj", "{F30FDE53-15A2-4276-BA60-77921C75EC4D}"
EndProject
Global
	GlobalSection(SolutionConfigurationPlatforms) = preSolution
		Debug|Any CPU = Debug|Any CPU
		Release|Any CPU = Release|Any CPU
	EndGlobalSection
	GlobalSection(ProjectConfigurationPlatforms) = postSolution
		{F30FDE53-15A2-4276-BA60-77921C75EC4D}.Debug|Any CPU.ActiveCfg = Debug|Any CPU
		{F30FDE53-15A2-4276-BA60-77921C75EC4D}.Debug|Any CPU.Build.0 = Debug|Any CPU
		{F30FDE53-15A2-4276-BA60-77921C75EC4D}.Release|Any CPU.ActiveCfg = Release|Any CPU
		{F30FDE53-15A2-4276-BA60-77921C75EC4D}.Release|Any CPU.Build.0 = Release|Any CPU
	EndGlobalSection
	GlobalSection(SolutionProperties) = preSolution
		HideSolutionNode = FALSE
	EndGlobalSection
	GlobalSection(ExtensibilityGlobals) = postSolution
		SolutionGuid = {0D5B5FA7-2A27-470A-9169-30A394011B56}
	EndGlobalSection
EndGlobal
